
Microsoft Visual Studio Solution File, Format Version 12.00
# Visual Studio Version 16
VisualStudioVersion = 16.0.30225.117
MinimumVisualStudioVersion = 10.0.40219.1
Project("{FAE04EC0-301F-11D3-BF4B-00C04F79EFBC}") = "SCiP", "SCiP\SCiP.csproj", "{0DA9B30E-2859-4D82-B98F-FB7AB4B1529A}"
EndProject
Global
	GlobalSection(SolutionConfigurationPlatforms) = preSolution
		Debug|Any CPU = Debug|Any CPU
		Release|Any CPU = Release|Any CPU
	EndGlobalSection
	GlobalSection(ProjectConfigurationPlatforms) = postSolution
		{0DA9B30E-2859-4D82-B98F-FB7AB4B1529A}.Debug|Any CPU.ActiveCfg = Debug|Any CPU
		{0DA9B30E-2859-4D82-B98F-FB7AB4B1529A}.Debug|Any CPU.Build.0 = Debug|Any CPU
		{0DA9B30E-2859-4D82-B98F-FB7AB4B1529A}.Release|Any CPU.ActiveCfg = Release|Any CPU
		{0DA9B30E-2859-4D82-B98F-FB7AB4B1529A}.Release|Any CPU.Build.0 = Release|Any CPU
	EndGlobalSection
	GlobalSection(SolutionProperties) = preSolution
		HideSolutionNode = FALSE
	EndGlobalSection
	GlobalSection(ExtensibilityGlobals) = postSolution
		SolutionGuid = {8C433DB6-E282-43C8-BFB0-E7001EAD0F2E}
	EndGlobalSection
EndGlobal
